// !$*UTF8*$!
{
	archiveVersion = 1;
	classes = {
	};
	objectVersion = 48;
	objects = {

/* Begin PBXBuildFile section */
		C86EE2572027A4C200262344 /* AppDelegate.swift in Sources */ = {isa = PBXBuildFile; fileRef = C86EE2562027A4C200262344 /* AppDelegate.swift */; };
		C86EE2592027A4C200262344 /* ViewController.swift in Sources */ = {isa = PBXBuildFile; fileRef = C86EE2582027A4C200262344 /* ViewController.swift */; };
		C86EE25C2027A4C200262344 /* Main.storyboard in Resources */ = {isa = PBXBuildFile; fileRef = C86EE25A2027A4C200262344 /* Main.storyboard */; };
		C86EE25E2027A4C200262344 /* Assets.xcassets in Resources */ = {isa = PBXBuildFile; fileRef = C86EE25D2027A4C200262344 /* Assets.xcassets */; };
		C86EE2612027A4C200262344 /* LaunchScreen.storyboard in Resources */ = {isa = PBXBuildFile; fileRef = C86EE25F2027A4C200262344 /* LaunchScreen.storyboard */; };
		C86EE26C2027A4C300262344 /* reusablecomponentsTests.swift in Sources */ = {isa = PBXBuildFile; fileRef = C86EE26B2027A4C300262344 /* reusablecomponentsTests.swift */; };
		C86EE2772027A4C300262344 /* reusablecomponentsUITests.swift in Sources */ = {isa = PBXBuildFile; fileRef = C86EE2762027A4C300262344 /* reusablecomponentsUITests.swift */; };
		C86EE285202847BE00262344 /* Meal.swift in Sources */ = {isa = PBXBuildFile; fileRef = C86EE284202847BE00262344 /* Meal.swift */; };
		C86EE287202871C300262344 /* MealsTableTableViewController.swift in Sources */ = {isa = PBXBuildFile; fileRef = C86EE286202871C300262344 /* MealsTableTableViewController.swift */; };
		C86EE28A20287AC500262344 /* ListViewDatasource.swift in Sources */ = {isa = PBXBuildFile; fileRef = C86EE28920287AC500262344 /* ListViewDatasource.swift */; };
/* End PBXBuildFile section */

/* Begin PBXContainerItemProxy section */
		C86EE2682027A4C300262344 /* PBXContainerItemProxy */ = {
			isa = PBXContainerItemProxy;
			containerPortal = C86EE24B2027A4C200262344 /* Project object */;
			proxyType = 1;
			remoteGlobalIDString = C86EE2522027A4C200262344;
			remoteInfo = reusablecomponents;
		};
		C86EE2732027A4C300262344 /* PBXContainerItemProxy */ = {
			isa = PBXContainerItemProxy;
			containerPortal = C86EE24B2027A4C200262344 /* Project object */;
			proxyType = 1;
			remoteGlobalIDString = C86EE2522027A4C200262344;
			remoteInfo = reusablecomponents;
		};
/* End PBXContainerItemProxy section */

/* Begin PBXFileReference section */
		C86EE2532027A4C200262344 /* reusablecomponents.app */ = {isa = PBXFileReference; explicitFileType = wrapper.application; includeInIndex = 0; path = reusablecomponents.app; sourceTree = BUILT_PRODUCTS_DIR; };
		C86EE2562027A4C200262344 /* AppDelegate.swift */ = {isa = PBXFileReference; lastKnownFileType = sourcecode.swift; path = AppDelegate.swift; sourceTree = "<group>"; };
		C86EE2582027A4C200262344 /* ViewController.swift */ = {isa = PBXFileReference; lastKnownFileType = sourcecode.swift; path = ViewController.swift; sourceTree = "<group>"; };
		C86EE25B2027A4C200262344 /* Base */ = {isa = PBXFileReference; lastKnownFileType = file.storyboard; name = Base; path = Base.lproj/Main.storyboard; sourceTree = "<group>"; };
		C86EE25D2027A4C200262344 /* Assets.xcassets */ = {isa = PBXFileReference; lastKnownFileType = folder.assetcatalog; path = Assets.xcassets; sourceTree = "<group>"; };
		C86EE2602027A4C200262344 /* Base */ = {isa = PBXFileReference; lastKnownFileType = file.storyboard; name = Base; path = Base.lproj/LaunchScreen.storyboard; sourceTree = "<group>"; };
		C86EE2622027A4C200262344 /* Info.plist */ = {isa = PBXFileReference; lastKnownFileType = text.plist.xml; path = Info.plist; sourceTree = "<group>"; };
		C86EE2672027A4C300262344 /* reusablecomponentsTests.xctest */ = {isa = PBXFileReference; explicitFileType = wrapper.cfbundle; includeInIndex = 0; path = reusablecomponentsTests.xctest; sourceTree = BUILT_PRODUCTS_DIR; };
		C86EE26B2027A4C300262344 /* reusablecomponentsTests.swift */ = {isa = PBXFileReference; lastKnownFileType = sourcecode.swift; path = reusablecomponentsTests.swift; sourceTree = "<group>"; };
		C86EE26D2027A4C300262344 /* Info.plist */ = {isa = PBXFileReference; lastKnownFileType = text.plist.xml; path = Info.plist; sourceTree = "<group>"; };
		C86EE2722027A4C300262344 /* reusablecomponentsUITests.xctest */ = {isa = PBXFileReference; explicitFileType = wrapper.cfbundle; includeInIndex = 0; path = reusablecomponentsUITests.xctest; sourceTree = BUILT_PRODUCTS_DIR; };
		C86EE2762027A4C300262344 /* reusablecomponentsUITests.swift */ = {isa = PBXFileReference; lastKnownFileType = sourcecode.swift; path = reusablecomponentsUITests.swift; sourceTree = "<group>"; };
		C86EE2782027A4C300262344 /* Info.plist */ = {isa = PBXFileReference; lastKnownFileType = text.plist.xml; path = Info.plist; sourceTree = "<group>"; };
		C86EE284202847BE00262344 /* Meal.swift */ = {isa = PBXFileReference; lastKnownFileType = sourcecode.swift; path = Meal.swift; sourceTree = "<group>"; };
		C86EE286202871C300262344 /* MealsTableTableViewController.swift */ = {isa = PBXFileReference; lastKnownFileType = sourcecode.swift; path = MealsTableTableViewController.swift; sourceTree = "<group>"; };
		C86EE28920287AC500262344 /* ListViewDatasource.swift */ = {isa = PBXFileReference; lastKnownFileType = sourcecode.swift; path = ListViewDatasource.swift; sourceTree = "<group>"; };
/* End PBXFileReference section */

/* Begin PBXFrameworksBuildPhase section */
		C86EE2502027A4C200262344 /* Frameworks */ = {
			isa = PBXFrameworksBuildPhase;
			buildActionMask = 2147483647;
			files = (
			);
			runOnlyForDeploymentPostprocessing = 0;
		};
		C86EE2642027A4C300262344 /* Frameworks */ = {
			isa = PBXFrameworksBuildPhase;
			buildActionMask = 2147483647;
			files = (
			);
			runOnlyForDeploymentPostprocessing = 0;
		};
		C86EE26F2027A4C300262344 /* Frameworks */ = {
			isa = PBXFrameworksBuildPhase;
			buildActionMask = 2147483647;
			files = (
			);
			runOnlyForDeploymentPostprocessing = 0;
		};
/* End PBXFrameworksBuildPhase section */

/* Begin PBXGroup section */
		C86EE24A2027A4C200262344 = {
			isa = PBXGroup;
			children = (
				C86EE2552027A4C200262344 /* reusablecomponents */,
				C86EE26A2027A4C300262344 /* reusablecomponentsTests */,
				C86EE2752027A4C300262344 /* reusablecomponentsUITests */,
				C86EE2542027A4C200262344 /* Products */,
			);
			sourceTree = "<group>";
		};
		C86EE2542027A4C200262344 /* Products */ = {
			isa = PBXGroup;
			children = (
				C86EE2532027A4C200262344 /* reusablecomponents.app */,
				C86EE2672027A4C300262344 /* reusablecomponentsTests.xctest */,
				C86EE2722027A4C300262344 /* reusablecomponentsUITests.xctest */,
			);
			name = Products;
			sourceTree = "<group>";
		};
		C86EE2552027A4C200262344 /* reusablecomponents */ = {
			isa = PBXGroup;
			children = (
				C86EE28820287AA500262344 /* components */,
				C86EE2562027A4C200262344 /* AppDelegate.swift */,
				C86EE2582027A4C200262344 /* ViewController.swift */,
				C86EE25A2027A4C200262344 /* Main.storyboard */,
				C86EE286202871C300262344 /* MealsTableTableViewController.swift */,
				C86EE25D2027A4C200262344 /* Assets.xcassets */,
				C86EE25F2027A4C200262344 /* LaunchScreen.storyboard */,
				C86EE2622027A4C200262344 /* Info.plist */,
				C86EE284202847BE00262344 /* Meal.swift */,
			);
			path = reusablecomponents;
			sourceTree = "<group>";
		};
		C86EE26A2027A4C300262344 /* reusablecomponentsTests */ = {
			isa = PBXGroup;
			children = (
				C86EE26B2027A4C300262344 /* reusablecomponentsTests.swift */,
				C86EE26D2027A4C300262344 /* Info.plist */,
			);
			path = reusablecomponentsTests;
			sourceTree = "<group>";
		};
		C86EE2752027A4C300262344 /* reusablecomponentsUITests */ = {
			isa = PBXGroup;
			children = (
				C86EE2762027A4C300262344 /* reusablecomponentsUITests.swift */,
				C86EE2782027A4C300262344 /* Info.plist */,
			);
			path = reusablecomponentsUITests;
			sourceTree = "<group>";
		};
		C86EE28820287AA500262344 /* components */ = {
			isa = PBXGroup;
			children = (
				C86EE28920287AC500262344 /* ListViewDatasource.swift */,
			);
			path = components;
			sourceTree = "<group>";
		};
/* End PBXGroup section */

/* Begin PBXNativeTarget section */
		C86EE2522027A4C200262344 /* reusablecomponents */ = {
			isa = PBXNativeTarget;
			buildConfigurationList = C86EE27B2027A4C300262344 /* Build configuration list for PBXNativeTarget "reusablecomponents" */;
			buildPhases = (
				C86EE24F2027A4C200262344 /* Sources */,
				C86EE2502027A4C200262344 /* Frameworks */,
				C86EE2512027A4C200262344 /* Resources */,
			);
			buildRules = (
			);
			dependencies = (
			);
			name = reusablecomponents;
			productName = reusablecomponents;
			productReference = C86EE2532027A4C200262344 /* reusablecomponents.app */;
			productType = "com.apple.product-type.application";
		};
		C86EE2662027A4C300262344 /* reusablecomponentsTests */ = {
			isa = PBXNativeTarget;
			buildConfigurationList = C86EE27E2027A4C300262344 /* Build configuration list for PBXNativeTarget "reusablecomponentsTests" */;
			buildPhases = (
				C86EE2632027A4C300262344 /* Sources */,
				C86EE2642027A4C300262344 /* Frameworks */,
				C86EE2652027A4C300262344 /* Resources */,
			);
			buildRules = (
			);
			dependencies = (
				C86EE2692027A4C300262344 /* PBXTargetDependency */,
			);
			name = reusablecomponentsTests;
			productName = reusablecomponentsTests;
			productReference = C86EE2672027A4C300262344 /* reusablecomponentsTests.xctest */;
			productType = "com.apple.product-type.bundle.unit-test";
		};
		C86EE2712027A4C300262344 /* reusablecomponentsUITests */ = {
			isa = PBXNativeTarget;
			buildConfigurationList = C86EE2812027A4C300262344 /* Build configuration list for PBXNativeTarget "reusablecomponentsUITests" */;
			buildPhases = (
				C86EE26E2027A4C300262344 /* Sources */,
				C86EE26F2027A4C300262344 /* Frameworks */,
				C86EE2702027A4C300262344 /* Resources */,
			);
			buildRules = (
			);
			dependencies = (
				C86EE2742027A4C300262344 /* PBXTargetDependency */,
			);
			name = reusablecomponentsUITests;
			productName = reusablecomponentsUITests;
			productReference = C86EE2722027A4C300262344 /* reusablecomponentsUITests.xctest */;
			productType = "com.apple.product-type.bundle.ui-testing";
		};
/* End PBXNativeTarget section */

/* Begin PBXProject section */
		C86EE24B2027A4C200262344 /* Project object */ = {
			isa = PBXProject;
			attributes = {
				LastSwiftUpdateCheck = 0910;
				LastUpgradeCheck = 0910;
				ORGANIZATIONNAME = "kayeli dennis";
				TargetAttributes = {
					C86EE2522027A4C200262344 = {
						CreatedOnToolsVersion = 9.1;
						ProvisioningStyle = Automatic;
					};
					C86EE2662027A4C300262344 = {
						CreatedOnToolsVersion = 9.1;
						ProvisioningStyle = Automatic;
						TestTargetID = C86EE2522027A4C200262344;
					};
					C86EE2712027A4C300262344 = {
						CreatedOnToolsVersion = 9.1;
						ProvisioningStyle = Automatic;
						TestTargetID = C86EE2522027A4C200262344;
					};
				};
			};
			buildConfigurationList = C86EE24E2027A4C200262344 /* Build configuration list for PBXProject "reusablecomponents" */;
			compatibilityVersion = "Xcode 8.0";
			developmentRegion = en;
			hasScannedForEncodings = 0;
			knownRegions = (
				en,
				Base,
			);
			mainGroup = C86EE24A2027A4C200262344;
			productRefGroup = C86EE2542027A4C200262344 /* Products */;
			projectDirPath = "";
			projectRoot = "";
			targets = (
				C86EE2522027A4C200262344 /* reusablecomponents */,
				C86EE2662027A4C300262344 /* reusablecomponentsTests */,
				C86EE2712027A4C300262344 /* reusablecomponentsUITests */,
			);
		};
/* End PBXProject section */

/* Begin PBXResourcesBuildPhase section */
		C86EE2512027A4C200262344 /* Resources */ = {
			isa = PBXResourcesBuildPhase;
			buildActionMask = 2147483647;
			files = (
				C86EE2612027A4C200262344 /* LaunchScreen.storyboard in Resources */,
				C86EE25E2027A4C200262344 /* Assets.xcassets in Resources */,
				C86EE25C2027A4C200262344 /* Main.storyboard in Resources */,
			);
			runOnlyForDeploymentPostprocessing = 0;
		};
		C86EE2652027A4C300262344 /* Resources */ = {
			isa = PBXResourcesBuildPhase;
			buildActionMask = 2147483647;
			files = (
			);
			runOnlyForDeploymentPostprocessing = 0;
		};
		C86EE2702027A4C300262344 /* Resources */ = {
			isa = PBXResourcesBuildPhase;
			buildActionMask = 2147483647;
			files = (
			);
			runOnlyForDeploymentPostprocessing = 0;
		};
/* End PBXResourcesBuildPhase section */

/* Begin PBXSourcesBuildPhase section */
		C86EE24F2027A4C200262344 /* Sources */ = {
			isa = PBXSourcesBuildPhase;
			buildActionMask = 2147483647;
			files = (
				C86EE2592027A4C200262344 /* ViewController.swift in Sources */,
				C86EE285202847BE00262344 /* Meal.swift in Sources */,
				C86EE2572027A4C200262344 /* AppDelegate.swift in Sources */,
				C86EE28A20287AC500262344 /* ListViewDatasource.swift in Sources */,
				C86EE287202871C300262344 /* MealsTableTableViewController.swift in Sources */,
			);
			runOnlyForDeploymentPostprocessing = 0;
		};
		C86EE2632027A4C300262344 /* Sources */ = {
			isa = PBXSourcesBuildPhase;
			buildActionMask = 2147483647;
			files = (
				C86EE26C2027A4C300262344 /* reusablecomponentsTests.swift in Sources */,
			);
			runOnlyForDeploymentPostprocessing = 0;
		};
		C86EE26E2027A4C300262344 /* Sources */ = {
			isa = PBXSourcesBuildPhase;
			buildActionMask = 2147483647;
			files = (
				C86EE2772027A4C300262344 /* reusablecomponentsUITests.swift in Sources */,
			);
			runOnlyForDeploymentPostprocessing = 0;
		};
/* End PBXSourcesBuildPhase section */

/* Begin PBXTargetDependency section */
		C86EE2692027A4C300262344 /* PBXTargetDependency */ = {
			isa = PBXTargetDependency;
			target = C86EE2522027A4C200262344 /* reusablecomponents */;
			targetProxy = C86EE2682027A4C300262344 /* PBXContainerItemProxy */;
		};
		C86EE2742027A4C300262344 /* PBXTargetDependency */ = {
			isa = PBXTargetDependency;
			target = C86EE2522027A4C200262344 /* reusablecomponents */;
			targetProxy = C86EE2732027A4C300262344 /* PBXContainerItemProxy */;
		};
/* End PBXTargetDependency section */

/* Begin PBXVariantGroup section */
		C86EE25A2027A4C200262344 /* Main.storyboard */ = {
			isa = PBXVariantGroup;
			children = (
				C86EE25B2027A4C200262344 /* Base */,
			);
			name = Main.storyboard;
			sourceTree = "<group>";
		};
		C86EE25F2027A4C200262344 /* LaunchScreen.storyboard */ = {
			isa = PBXVariantGroup;
			children = (
				C86EE2602027A4C200262344 /* Base */,
			);
			name = LaunchScreen.storyboard;
			sourceTree = "<group>";
		};
/* End PBXVariantGroup section */

/* Begin XCBuildConfiguration section */
		C86EE2792027A4C300262344 /* Debug */ = {
			isa = XCBuildConfiguration;
			buildSettings = {
				ALWAYS_SEARCH_USER_PATHS = NO;
				CLANG_ANALYZER_NONNULL = YES;
				CLANG_ANALYZER_NUMBER_OBJECT_CONVERSION = YES_AGGRESSIVE;
				CLANG_CXX_LANGUAGE_STANDARD = "gnu++14";
				CLANG_CXX_LIBRARY = "libc++";
				CLANG_ENABLE_MODULES = YES;
				CLANG_ENABLE_OBJC_ARC = YES;
				CLANG_WARN_BLOCK_CAPTURE_AUTORELEASING = YES;
				CLANG_WARN_BOOL_CONVERSION = YES;
				CLANG_WARN_COMMA = YES;
				CLANG_WARN_CONSTANT_CONVERSION = YES;
				CLANG_WARN_DIRECT_OBJC_ISA_USAGE = YES_ERROR;
				CLANG_WARN_DOCUMENTATION_COMMENTS = YES;
				CLANG_WARN_EMPTY_BODY = YES;
				CLANG_WARN_ENUM_CONVERSION = YES;
				CLANG_WARN_INFINITE_RECURSION = YES;
				CLANG_WARN_INT_CONVERSION = YES;
				CLANG_WARN_NON_LITERAL_NULL_CONVERSION = YES;
				CLANG_WARN_OBJC_LITERAL_CONVERSION = YES;
				CLANG_WARN_OBJC_ROOT_CLASS = YES_ERROR;
				CLANG_WARN_RANGE_LOOP_ANALYSIS = YES;
				CLANG_WARN_STRICT_PROTOTYPES = YES;
				CLANG_WARN_SUSPICIOUS_MOVE = YES;
				CLANG_WARN_UNGUARDED_AVAILABILITY = YES_AGGRESSIVE;
				CLANG_WARN_UNREACHABLE_CODE = YES;
				CLANG_WARN__DUPLICATE_METHOD_MATCH = YES;
				CODE_SIGN_IDENTITY = "iPhone Developer";
				COPY_PHASE_STRIP = NO;
				DEBUG_INFORMATION_FORMAT = dwarf;
				ENABLE_STRICT_OBJC_MSGSEND = YES;
				ENABLE_TESTABILITY = YES;
				GCC_C_LANGUAGE_STANDARD = gnu11;
				GCC_DYNAMIC_NO_PIC = NO;
				GCC_NO_COMMON_BLOCKS = YES;
				GCC_OPTIMIZATION_LEVEL = 0;
				GCC_PREPROCESSOR_DEFINITIONS = (
					"DEBUG=1",
					"$(inherited)",
				);
				GCC_WARN_64_TO_32_BIT_CONVERSION = YES;
				GCC_WARN_ABOUT_RETURN_TYPE = YES_ERROR;
				GCC_WARN_UNDECLARED_SELECTOR = YES;
				GCC_WARN_UNINITIALIZED_AUTOS = YES_AGGRESSIVE;
				GCC_WARN_UNUSED_FUNCTION = YES;
				GCC_WARN_UNUSED_VARIABLE = YES;
				IPHONEOS_DEPLOYMENT_TARGET = 11.1;
				MTL_ENABLE_DEBUG_INFO = YES;
				ONLY_ACTIVE_ARCH = YES;
				SDKROOT = iphoneos;
				SWIFT_ACTIVE_COMPILATION_CONDITIONS = DEBUG;
				SWIFT_OPTIMIZATION_LEVEL = "-Onone";
			};
			name = Debug;
		};
		C86EE27A2027A4C300262344 /* Release */ = {
			isa = XCBuildConfiguration;
			buildSettings = {
				ALWAYS_SEARCH_USER_PATHS = NO;
				CLANG_ANALYZER_NONNULL = YES;
				CLANG_ANALYZER_NUMBER_OBJECT_CONVERSION = YES_AGGRESSIVE;
				CLANG_CXX_LANGUAGE_STANDARD = "gnu++14";
				CLANG_CXX_LIBRARY = "libc++";
				CLANG_ENABLE_MODULES = YES;
				CLANG_ENABLE_OBJC_ARC = YES;
				CLANG_WARN_BLOCK_CAPTURE_AUTORELEASING = YES;
				CLANG_WARN_BOOL_CONVERSION = YES;
				CLANG_WARN_COMMA = YES;
				CLANG_WARN_CONSTANT_CONVERSION = YES;
				CLANG_WARN_DIRECT_OBJC_ISA_USAGE = YES_ERROR;
				CLANG_WARN_DOCUMENTATION_COMMENTS = YES;
				CLANG_WARN_EMPTY_BODY = YES;
				CLANG_WARN_ENUM_CONVERSION = YES;
				CLANG_WARN_INFINITE_RECURSION = YES;
				CLANG_WARN_INT_CONVERSION = YES;
				CLANG_WARN_NON_LITERAL_NULL_CONVERSION = YES;
				CLANG_WARN_OBJC_LITERAL_CONVERSION = YES;
				CLANG_WARN_OBJC_ROOT_CLASS = YES_ERROR;
				CLANG_WARN_RANGE_LOOP_ANALYSIS = YES;
				CLANG_WARN_STRICT_PROTOTYPES = YES;
				CLANG_WARN_SUSPICIOUS_MOVE = YES;
				CLANG_WARN_UNGUARDED_AVAILABILITY = YES_AGGRESSIVE;
				CLANG_WARN_UNREACHABLE_CODE = YES;
				CLANG_WARN__DUPLICATE_METHOD_MATCH = YES;
				CODE_SIGN_IDENTITY = "iPhone Developer";
				COPY_PHASE_STRIP = NO;
				DEBUG_INFORMATION_FORMAT = "dwarf-with-dsym";
				ENABLE_NS_ASSERTIONS = NO;
				ENABLE_STRICT_OBJC_MSGSEND = YES;
				GCC_C_LANGUAGE_STANDARD = gnu11;
				GCC_NO_COMMON_BLOCKS = YES;
				GCC_WARN_64_TO_32_BIT_CONVERSION = YES;
				GCC_WARN_ABOUT_RETURN_TYPE = YES_ERROR;
				GCC_WARN_UNDECLARED_SELECTOR = YES;
				GCC_WARN_UNINITIALIZED_AUTOS = YES_AGGRESSIVE;
				GCC_WARN_UNUSED_FUNCTION = YES;
				GCC_WARN_UNUSED_VARIABLE = YES;
				IPHONEOS_DEPLOYMENT_TARGET = 11.1;
				MTL_ENABLE_DEBUG_INFO = NO;
				SDKROOT = iphoneos;
				SWIFT_OPTIMIZATION_LEVEL = "-Owholemodule";
				VALIDATE_PRODUCT = YES;
			};
			name = Release;
		};
		C86EE27C2027A4C300262344 /* Debug */ = {
			isa = XCBuildConfiguration;
			buildSettings = {
				ASSETCATALOG_COMPILER_APPICON_NAME = AppIcon;
				CODE_SIGN_STYLE = Automatic;
				DEVELOPMENT_TEAM = 877YN8A4MC;
				INFOPLIST_FILE = reusablecomponents/Info.plist;
				LD_RUNPATH_SEARCH_PATHS = "$(inherited) @executable_path/Frameworks";
				PRODUCT_BUNDLE_IDENTIFIER = com.andela.reusablecomponents.reusablecomponents;
				PRODUCT_NAME = "$(TARGET_NAME)";
				SWIFT_VERSION = 4.0;
				TARGETED_DEVICE_FAMILY = "1,2";
			};
			name = Debug;
		};
		C86EE27D2027A4C300262344 /* Release */ = {
			isa = XCBuildConfiguration;
			buildSettings = {
				ASSETCATALOG_COMPILER_APPICON_NAME = AppIcon;
				CODE_SIGN_STYLE = Automatic;
				DEVELOPMENT_TEAM = 877YN8A4MC;
				INFOPLIST_FILE = reusablecomponents/Info.plist;
				LD_RUNPATH_SEARCH_PATHS = "$(inherited) @executable_path/Frameworks";
				PRODUCT_BUNDLE_IDENTIFIER = com.andela.reusablecomponents.reusablecomponents;
				PRODUCT_NAME = "$(TARGET_NAME)";
				SWIFT_VERSION = 4.0;
				TARGETED_DEVICE_FAMILY = "1,2";
			};
			name = Release;
		};
		C86EE27F2027A4C300262344 /* Debug */ = {
			isa = XCBuildConfiguration;
			buildSettings = {
				ALWAYS_EMBED_SWIFT_STANDARD_LIBRARIES = YES;
				BUNDLE_LOADER = "$(TEST_HOST)";
				CODE_SIGN_STYLE = Automatic;
				DEVELOPMENT_TEAM = 877YN8A4MC;
				INFOPLIST_FILE = reusablecomponentsTests/Info.plist;
				LD_RUNPATH_SEARCH_PATHS = "$(inherited) @executable_path/Frameworks @loader_path/Frameworks";
				PRODUCT_BUNDLE_IDENTIFIER = com.andela.reusablecomponents.reusablecomponentsTests;
				PRODUCT_NAME = "$(TARGET_NAME)";
				SWIFT_VERSION = 4.0;
				TARGETED_DEVICE_FAMILY = "1,2";
				TEST_HOST = "$(BUILT_PRODUCTS_DIR)/reusablecomponents.app/reusablecomponents";
			};
			name = Debug;
		};
		C86EE2802027A4C300262344 /* Release */ = {
			isa = XCBuildConfiguration;
			buildSettings = {
				ALWAYS_EMBED_SWIFT_STANDARD_LIBRARIES = YES;
				BUNDLE_LOADER = "$(TEST_HOST)";
				CODE_SIGN_STYLE = Automatic;
				DEVELOPMENT_TEAM = 877YN8A4MC;
				INFOPLIST_FILE = reusablecomponentsTests/Info.plist;
				LD_RUNPATH_SEARCH_PATHS = "$(inherited) @executable_path/Frameworks @loader_path/Frameworks";
				PRODUCT_BUNDLE_IDENTIFIER = com.andela.reusablecomponents.reusablecomponentsTests;
				PRODUCT_NAME = "$(TARGET_NAME)";
				SWIFT_VERSION = 4.0;
				TARGETED_DEVICE_FAMILY = "1,2";
				TEST_HOST = "$(BUILT_PRODUCTS_DIR)/reusablecomponents.app/reusablecomponents";
			};
			name = Release;
		};
		C86EE2822027A4C300262344 /* Debug */ = {
			isa = XCBuildConfiguration;
			buildSettings = {
				ALWAYS_EMBED_SWIFT_STANDARD_LIBRARIES = YES;
				CODE_SIGN_STYLE = Automatic;
				DEVELOPMENT_TEAM = 877YN8A4MC;
				INFOPLIST_FILE = reusablecomponentsUITests/Info.plist;
				LD_RUNPATH_SEARCH_PATHS = "$(inherited) @executable_path/Frameworks @loader_path/Frameworks";
				PRODUCT_BUNDLE_IDENTIFIER = com.andela.reusablecomponents.reusablecomponentsUITests;
				PRODUCT_NAME = "$(TARGET_NAME)";
				SWIFT_VERSION = 4.0;
				TARGETED_DEVICE_FAMILY = "1,2";
				TEST_TARGET_NAME = reusablecomponents;
			};
			name = Debug;
		};
		C86EE2832027A4C300262344 /* Release */ = {
			isa = XCBuildConfiguration;
			buildSettings = {
				ALWAYS_EMBED_SWIFT_STANDARD_LIBRARIES = YES;
				CODE_SIGN_STYLE = Automatic;
				DEVELOPMENT_TEAM = 877YN8A4MC;
				INFOPLIST_FILE = reusablecomponentsUITests/Info.plist;
				LD_RUNPATH_SEARCH_PATHS = "$(inherited) @executable_path/Frameworks @loader_path/Frameworks";
				PRODUCT_BUNDLE_IDENTIFIER = com.andela.reusablecomponents.reusablecomponentsUITests;
				PRODUCT_NAME = "$(TARGET_NAME)";
				SWIFT_VERSION = 4.0;
				TARGETED_DEVICE_FAMILY = "1,2";
				TEST_TARGET_NAME = reusablecomponents;
			};
			name = Release;
		};
/* End XCBuildConfiguration section */

/* Begin XCConfigurationList section */
		C86EE24E2027A4C200262344 /* Build configuration list for PBXProject "reusablecomponents" */ = {
			isa = XCConfigurationList;
			buildConfigurations = (
				C86EE2792027A4C300262344 /* Debug */,
				C86EE27A2027A4C300262344 /* Release */,
			);
			defaultConfigurationIsVisible = 0;
			defaultConfigurationName = Release;
		};
		C86EE27B2027A4C300262344 /* Build configuration list for PBXNativeTarget "reusablecomponents" */ = {
			isa = XCConfigurationList;
			buildConfigurations = (
				C86EE27C2027A4C300262344 /* Debug */,
				C86EE27D2027A4C300262344 /* Release */,
			);
			defaultConfigurationIsVisible = 0;
			defaultConfigurationName = Release;
		};
		C86EE27E2027A4C300262344 /* Build configuration list for PBXNativeTarget "reusablecomponentsTests" */ = {
			isa = XCConfigurationList;
			buildConfigurations = (
				C86EE27F2027A4C300262344 /* Debug */,
				C86EE2802027A4C300262344 /* Release */,
			);
			defaultConfigurationIsVisible = 0;
			defaultConfigurationName = Release;
		};
		C86EE2812027A4C300262344 /* Build configuration list for PBXNativeTarget "reusablecomponentsUITests" */ = {
			isa = XCConfigurationList;
			buildConfigurations = (
				C86EE2822027A4C300262344 /* Debug */,
				C86EE2832027A4C300262344 /* Release */,
			);
			defaultConfigurationIsVisible = 0;
			defaultConfigurationName = Release;
		};
/* End XCConfigurationList section */
	};
	rootObject = C86EE24B2027A4C200262344 /* Project object */;
}
